// !$*UTF8*$!
{
	archiveVersion = 1;
	classes = {
	};
	objectVersion = 56;
	objects = {

/* Begin PBXBuildFile section */
		5FCA9693F26075B21A341A19 /* Pods_MentalDiary.framework in Frameworks */ = {isa = PBXBuildFile; fileRef = 81FE718B919906A4601F1BDC /* Pods_MentalDiary.framework */; };
		9A0F6BBB2AB862A000CBB409 /* Assembly.swift in Sources */ = {isa = PBXBuildFile; fileRef = 9A0F6BBA2AB862A000CBB409 /* Assembly.swift */; };
		9A10D7D82AB5F15D002D1571 /* Router.swift in Sources */ = {isa = PBXBuildFile; fileRef = 9A10D7D72AB5F15D002D1571 /* Router.swift */; };
		9A10D7DF2AB5F341002D1571 /* HomePresenter.swift in Sources */ = {isa = PBXBuildFile; fileRef = 9A10D7DE2AB5F341002D1571 /* HomePresenter.swift */; };
		9A225B762B000519007FF057 /* ArticleTableViewCell.swift in Sources */ = {isa = PBXBuildFile; fileRef = 9A225B752B000519007FF057 /* ArticleTableViewCell.swift */; };
		9A225B782B000825007FF057 /* UITableViewCell+Extension.swift in Sources */ = {isa = PBXBuildFile; fileRef = 9A225B772B000825007FF057 /* UITableViewCell+Extension.swift */; };
		9A225B7A2B001C17007FF057 /* Date+Extension.swift in Sources */ = {isa = PBXBuildFile; fileRef = 9A225B792B001C17007FF057 /* Date+Extension.swift */; };
		9A225B7D2B001EBA007FF057 /* ArticleCollectionViewCell.swift in Sources */ = {isa = PBXBuildFile; fileRef = 9A225B7C2B001EBA007FF057 /* ArticleCollectionViewCell.swift */; };
		9A2D14E12AB5EDAB00E7DE95 /* AppDelegate.swift in Sources */ = {isa = PBXBuildFile; fileRef = 9A2D14E02AB5EDAB00E7DE95 /* AppDelegate.swift */; };
		9A2D14E32AB5EDAB00E7DE95 /* SceneDelegate.swift in Sources */ = {isa = PBXBuildFile; fileRef = 9A2D14E22AB5EDAB00E7DE95 /* SceneDelegate.swift */; };
		9A2D14E52AB5EDAB00E7DE95 /* HomeViewController.swift in Sources */ = {isa = PBXBuildFile; fileRef = 9A2D14E42AB5EDAB00E7DE95 /* HomeViewController.swift */; };
		9A2D14E82AB5EDAB00E7DE95 /* Home.storyboard in Resources */ = {isa = PBXBuildFile; fileRef = 9A2D14E62AB5EDAB00E7DE95 /* Home.storyboard */; };
		9A2D14EA2AB5EDAC00E7DE95 /* Assets.xcassets in Resources */ = {isa = PBXBuildFile; fileRef = 9A2D14E92AB5EDAC00E7DE95 /* Assets.xcassets */; };
		9A2D14ED2AB5EDAC00E7DE95 /* LaunchScreen.storyboard in Resources */ = {isa = PBXBuildFile; fileRef = 9A2D14EB2AB5EDAC00E7DE95 /* LaunchScreen.storyboard */; };
		9A46AEFF2AC4320C00977980 /* Media.storyboard in Resources */ = {isa = PBXBuildFile; fileRef = 9A46AEFA2AC4320C00977980 /* Media.storyboard */; };
		9A46AF012AC4320C00977980 /* MediaTableViewCell.swift in Sources */ = {isa = PBXBuildFile; fileRef = 9A46AEFD2AC4320C00977980 /* MediaTableViewCell.swift */; };
		9A46AF022AC4320C00977980 /* MediaViewController.swift in Sources */ = {isa = PBXBuildFile; fileRef = 9A46AEFE2AC4320C00977980 /* MediaViewController.swift */; };
		9A46AF042AC433D700977980 /* MediaPresenter.swift in Sources */ = {isa = PBXBuildFile; fileRef = 9A46AF032AC433D700977980 /* MediaPresenter.swift */; };
		9A46AF082AC4470E00977980 /* Storyboard+Generated.swift in Sources */ = {isa = PBXBuildFile; fileRef = 9A46AF072AC4470E00977980 /* Storyboard+Generated.swift */; };
		9A6A8CC42AFAC95900A2361E /* RatePresenter.swift in Sources */ = {isa = PBXBuildFile; fileRef = 9A6A8CBF2AFAC95900A2361E /* RatePresenter.swift */; };
		9A6A8CC52AFAC95900A2361E /* RateViewController.swift in Sources */ = {isa = PBXBuildFile; fileRef = 9A6A8CC22AFAC95900A2361E /* RateViewController.swift */; };
		9A6A8CC62AFAC95900A2361E /* Rate.storyboard in Resources */ = {isa = PBXBuildFile; fileRef = 9A6A8CC32AFAC95900A2361E /* Rate.storyboard */; };
		9A6A8CCE2AFAC9B700A2361E /* SharePresenter.swift in Sources */ = {isa = PBXBuildFile; fileRef = 9A6A8CC92AFAC9B700A2361E /* SharePresenter.swift */; };
		9A6A8CCF2AFAC9B700A2361E /* Share.storyboard in Resources */ = {isa = PBXBuildFile; fileRef = 9A6A8CCC2AFAC9B700A2361E /* Share.storyboard */; };
		9A6A8CD02AFAC9B700A2361E /* ShareViewController.swift in Sources */ = {isa = PBXBuildFile; fileRef = 9A6A8CCD2AFAC9B700A2361E /* ShareViewController.swift */; };
		9A6A8CDC2AFACA4B00A2361E /* ProfilePresenter.swift in Sources */ = {isa = PBXBuildFile; fileRef = 9A6A8CD32AFACA4B00A2361E /* ProfilePresenter.swift */; };
		9A6A8CDD2AFACA4B00A2361E /* Profile.storyboard in Resources */ = {isa = PBXBuildFile; fileRef = 9A6A8CD62AFACA4B00A2361E /* Profile.storyboard */; };
		9A6A8CDE2AFACA4B00A2361E /* SettingsTableViewCell.xib in Resources */ = {isa = PBXBuildFile; fileRef = 9A6A8CD92AFACA4B00A2361E /* SettingsTableViewCell.xib */; };
		9A6A8CDF2AFACA4B00A2361E /* SettingsTableViewCell.swift in Sources */ = {isa = PBXBuildFile; fileRef = 9A6A8CDA2AFACA4B00A2361E /* SettingsTableViewCell.swift */; };
		9A6A8CE02AFACA4B00A2361E /* ProfileViewController.swift in Sources */ = {isa = PBXBuildFile; fileRef = 9A6A8CDB2AFACA4B00A2361E /* ProfileViewController.swift */; };
		9A84F9B82AB77663004105B1 /* Localizable.strings in Resources */ = {isa = PBXBuildFile; fileRef = 9A84F9B72AB77663004105B1 /* Localizable.strings */; };
		9A84F9BA2AB777EE004105B1 /* Strings+Generated.swift in Sources */ = {isa = PBXBuildFile; fileRef = 9A84F9B92AB777EE004105B1 /* Strings+Generated.swift */; };
		9A84F9BC2AB77891004105B1 /* swiftgen.yml in Resources */ = {isa = PBXBuildFile; fileRef = 9A84F9BB2AB77891004105B1 /* swiftgen.yml */; };
		9A84F9C22AB77B78004105B1 /* Images+Colors+Generated.swift in Sources */ = {isa = PBXBuildFile; fileRef = 9A84F9C12AB77B78004105B1 /* Images+Colors+Generated.swift */; };
		9AE27DEE2AFFE53C002BE0AC /* Emotion.swift in Sources */ = {isa = PBXBuildFile; fileRef = 9AE27DED2AFFE53C002BE0AC /* Emotion.swift */; };
		9AE27DF42AFFFBA6002BE0AC /* StatisticsPresenter.swift in Sources */ = {isa = PBXBuildFile; fileRef = 9AE27DF32AFFFBA6002BE0AC /* StatisticsPresenter.swift */; };
		9AE27DF62AFFFBD1002BE0AC /* StatisticsViewController.swift in Sources */ = {isa = PBXBuildFile; fileRef = 9AE27DF52AFFFBD1002BE0AC /* StatisticsViewController.swift */; };
		9AE27DF82AFFFBD9002BE0AC /* Statistics.storyboard in Resources */ = {isa = PBXBuildFile; fileRef = 9AE27DF72AFFFBD9002BE0AC /* Statistics.storyboard */; };
		B035CBFA2B1F4D0400352E24 /* DiaryNote.swift in Sources */ = {isa = PBXBuildFile; fileRef = B035CBF92B1F4D0400352E24 /* DiaryNote.swift */; };
		B035CBFD2B1F792C00352E24 /* NoteTableViewCell.swift in Sources */ = {isa = PBXBuildFile; fileRef = B035CBFC2B1F792C00352E24 /* NoteTableViewCell.swift */; };
		B035CC002B1F7E7800352E24 /* NotesDatabase.swift in Sources */ = {isa = PBXBuildFile; fileRef = B035CBFF2B1F7E7800352E24 /* NotesDatabase.swift */; };
		B035CC022B1F968700352E24 /* UINotification+Extension.swift in Sources */ = {isa = PBXBuildFile; fileRef = B035CC012B1F968700352E24 /* UINotification+Extension.swift */; };
		C7FC73CA2B1E9124008CCC50 /* MockFactory.swift in Sources */ = {isa = PBXBuildFile; fileRef = C7FC73C92B1E9124008CCC50 /* MockFactory.swift */; };
/* End PBXBuildFile section */

/* Begin PBXFileReference section */
		493657A97A2484399457C229 /* Pods-MentalDiary.debug.xcconfig */ = {isa = PBXFileReference; includeInIndex = 1; lastKnownFileType = text.xcconfig; name = "Pods-MentalDiary.debug.xcconfig"; path = "Target Support Files/Pods-MentalDiary/Pods-MentalDiary.debug.xcconfig"; sourceTree = "<group>"; };
		50B3B4C586590CC2782771A1 /* Pods-MentalDiary.release.xcconfig */ = {isa = PBXFileReference; includeInIndex = 1; lastKnownFileType = text.xcconfig; name = "Pods-MentalDiary.release.xcconfig"; path = "Target Support Files/Pods-MentalDiary/Pods-MentalDiary.release.xcconfig"; sourceTree = "<group>"; };
		81FE718B919906A4601F1BDC /* Pods_MentalDiary.framework */ = {isa = PBXFileReference; explicitFileType = wrapper.framework; includeInIndex = 0; path = Pods_MentalDiary.framework; sourceTree = BUILT_PRODUCTS_DIR; };
		9A0F6BBA2AB862A000CBB409 /* Assembly.swift */ = {isa = PBXFileReference; lastKnownFileType = sourcecode.swift; path = Assembly.swift; sourceTree = "<group>"; };
		9A10D7D72AB5F15D002D1571 /* Router.swift */ = {isa = PBXFileReference; lastKnownFileType = sourcecode.swift; path = Router.swift; sourceTree = "<group>"; };
		9A10D7DE2AB5F341002D1571 /* HomePresenter.swift */ = {isa = PBXFileReference; lastKnownFileType = sourcecode.swift; path = HomePresenter.swift; sourceTree = "<group>"; };
		9A225B752B000519007FF057 /* ArticleTableViewCell.swift */ = {isa = PBXFileReference; lastKnownFileType = sourcecode.swift; path = ArticleTableViewCell.swift; sourceTree = "<group>"; };
		9A225B772B000825007FF057 /* UITableViewCell+Extension.swift */ = {isa = PBXFileReference; lastKnownFileType = sourcecode.swift; path = "UITableViewCell+Extension.swift"; sourceTree = "<group>"; };
		9A225B792B001C17007FF057 /* Date+Extension.swift */ = {isa = PBXFileReference; lastKnownFileType = sourcecode.swift; path = "Date+Extension.swift"; sourceTree = "<group>"; };
		9A225B7C2B001EBA007FF057 /* ArticleCollectionViewCell.swift */ = {isa = PBXFileReference; lastKnownFileType = sourcecode.swift; path = ArticleCollectionViewCell.swift; sourceTree = "<group>"; };
		9A2D14DD2AB5EDAB00E7DE95 /* MentalDiary.app */ = {isa = PBXFileReference; explicitFileType = wrapper.application; includeInIndex = 0; path = MentalDiary.app; sourceTree = BUILT_PRODUCTS_DIR; };
		9A2D14E02AB5EDAB00E7DE95 /* AppDelegate.swift */ = {isa = PBXFileReference; lastKnownFileType = sourcecode.swift; path = AppDelegate.swift; sourceTree = "<group>"; };
		9A2D14E22AB5EDAB00E7DE95 /* SceneDelegate.swift */ = {isa = PBXFileReference; lastKnownFileType = sourcecode.swift; path = SceneDelegate.swift; sourceTree = "<group>"; };
		9A2D14E42AB5EDAB00E7DE95 /* HomeViewController.swift */ = {isa = PBXFileReference; lastKnownFileType = sourcecode.swift; path = HomeViewController.swift; sourceTree = "<group>"; };
		9A2D14E72AB5EDAB00E7DE95 /* Base */ = {isa = PBXFileReference; lastKnownFileType = file.storyboard; name = Base; path = Base.lproj/Home.storyboard; sourceTree = "<group>"; };
		9A2D14E92AB5EDAC00E7DE95 /* Assets.xcassets */ = {isa = PBXFileReference; lastKnownFileType = folder.assetcatalog; path = Assets.xcassets; sourceTree = "<group>"; };
		9A2D14EC2AB5EDAC00E7DE95 /* Base */ = {isa = PBXFileReference; lastKnownFileType = file.storyboard; name = Base; path = Base.lproj/LaunchScreen.storyboard; sourceTree = "<group>"; };
		9A2D14EE2AB5EDAC00E7DE95 /* Info.plist */ = {isa = PBXFileReference; lastKnownFileType = text.plist.xml; path = Info.plist; sourceTree = "<group>"; };
		9A46AEFA2AC4320C00977980 /* Media.storyboard */ = {isa = PBXFileReference; fileEncoding = 4; lastKnownFileType = file.storyboard; path = Media.storyboard; sourceTree = "<group>"; };
		9A46AEFD2AC4320C00977980 /* MediaTableViewCell.swift */ = {isa = PBXFileReference; fileEncoding = 4; lastKnownFileType = sourcecode.swift; path = MediaTableViewCell.swift; sourceTree = "<group>"; };
		9A46AEFE2AC4320C00977980 /* MediaViewController.swift */ = {isa = PBXFileReference; fileEncoding = 4; lastKnownFileType = sourcecode.swift; path = MediaViewController.swift; sourceTree = "<group>"; };
		9A46AF032AC433D700977980 /* MediaPresenter.swift */ = {isa = PBXFileReference; lastKnownFileType = sourcecode.swift; path = MediaPresenter.swift; sourceTree = "<group>"; };
		9A46AF072AC4470E00977980 /* Storyboard+Generated.swift */ = {isa = PBXFileReference; fileEncoding = 4; lastKnownFileType = sourcecode.swift; path = "Storyboard+Generated.swift"; sourceTree = "<group>"; };
		9A6A8CBF2AFAC95900A2361E /* RatePresenter.swift */ = {isa = PBXFileReference; fileEncoding = 4; lastKnownFileType = sourcecode.swift; path = RatePresenter.swift; sourceTree = "<group>"; };
		9A6A8CC22AFAC95900A2361E /* RateViewController.swift */ = {isa = PBXFileReference; fileEncoding = 4; lastKnownFileType = sourcecode.swift; path = RateViewController.swift; sourceTree = "<group>"; };
		9A6A8CC32AFAC95900A2361E /* Rate.storyboard */ = {isa = PBXFileReference; fileEncoding = 4; lastKnownFileType = file.storyboard; path = Rate.storyboard; sourceTree = "<group>"; };
		9A6A8CC92AFAC9B700A2361E /* SharePresenter.swift */ = {isa = PBXFileReference; fileEncoding = 4; lastKnownFileType = sourcecode.swift; path = SharePresenter.swift; sourceTree = "<group>"; };
		9A6A8CCC2AFAC9B700A2361E /* Share.storyboard */ = {isa = PBXFileReference; fileEncoding = 4; lastKnownFileType = file.storyboard; path = Share.storyboard; sourceTree = "<group>"; };
		9A6A8CCD2AFAC9B700A2361E /* ShareViewController.swift */ = {isa = PBXFileReference; fileEncoding = 4; lastKnownFileType = sourcecode.swift; path = ShareViewController.swift; sourceTree = "<group>"; };
		9A6A8CD32AFACA4B00A2361E /* ProfilePresenter.swift */ = {isa = PBXFileReference; fileEncoding = 4; lastKnownFileType = sourcecode.swift; path = ProfilePresenter.swift; sourceTree = "<group>"; };
		9A6A8CD62AFACA4B00A2361E /* Profile.storyboard */ = {isa = PBXFileReference; fileEncoding = 4; lastKnownFileType = file.storyboard; path = Profile.storyboard; sourceTree = "<group>"; };
		9A6A8CD92AFACA4B00A2361E /* SettingsTableViewCell.xib */ = {isa = PBXFileReference; fileEncoding = 4; lastKnownFileType = file.xib; path = SettingsTableViewCell.xib; sourceTree = "<group>"; };
		9A6A8CDA2AFACA4B00A2361E /* SettingsTableViewCell.swift */ = {isa = PBXFileReference; fileEncoding = 4; lastKnownFileType = sourcecode.swift; path = SettingsTableViewCell.swift; sourceTree = "<group>"; };
		9A6A8CDB2AFACA4B00A2361E /* ProfileViewController.swift */ = {isa = PBXFileReference; fileEncoding = 4; lastKnownFileType = sourcecode.swift; path = ProfileViewController.swift; sourceTree = "<group>"; };
		9A84F9B72AB77663004105B1 /* Localizable.strings */ = {isa = PBXFileReference; lastKnownFileType = text.plist.strings; path = Localizable.strings; sourceTree = "<group>"; };
		9A84F9B92AB777EE004105B1 /* Strings+Generated.swift */ = {isa = PBXFileReference; fileEncoding = 4; lastKnownFileType = sourcecode.swift; path = "Strings+Generated.swift"; sourceTree = "<group>"; };
		9A84F9BB2AB77891004105B1 /* swiftgen.yml */ = {isa = PBXFileReference; fileEncoding = 4; lastKnownFileType = text.yaml; path = swiftgen.yml; sourceTree = SOURCE_ROOT; };
		9A84F9BF2AB77B01004105B1 /* Secrets.xcconfig */ = {isa = PBXFileReference; lastKnownFileType = text.xcconfig; path = Secrets.xcconfig; sourceTree = "<group>"; };
		9A84F9C12AB77B78004105B1 /* Images+Colors+Generated.swift */ = {isa = PBXFileReference; fileEncoding = 4; lastKnownFileType = sourcecode.swift; path = "Images+Colors+Generated.swift"; sourceTree = "<group>"; };
		9AE27DED2AFFE53C002BE0AC /* Emotion.swift */ = {isa = PBXFileReference; lastKnownFileType = sourcecode.swift; path = Emotion.swift; sourceTree = "<group>"; };
		9AE27DF32AFFFBA6002BE0AC /* StatisticsPresenter.swift */ = {isa = PBXFileReference; lastKnownFileType = sourcecode.swift; path = StatisticsPresenter.swift; sourceTree = "<group>"; };
		9AE27DF52AFFFBD1002BE0AC /* StatisticsViewController.swift */ = {isa = PBXFileReference; lastKnownFileType = sourcecode.swift; path = StatisticsViewController.swift; sourceTree = "<group>"; };
		9AE27DF72AFFFBD9002BE0AC /* Statistics.storyboard */ = {isa = PBXFileReference; lastKnownFileType = file.storyboard; path = Statistics.storyboard; sourceTree = "<group>"; };
		B035CBF92B1F4D0400352E24 /* DiaryNote.swift */ = {isa = PBXFileReference; lastKnownFileType = sourcecode.swift; path = DiaryNote.swift; sourceTree = "<group>"; };
		B035CBFC2B1F792C00352E24 /* NoteTableViewCell.swift */ = {isa = PBXFileReference; lastKnownFileType = sourcecode.swift; path = NoteTableViewCell.swift; sourceTree = "<group>"; };
		B035CBFF2B1F7E7800352E24 /* NotesDatabase.swift */ = {isa = PBXFileReference; lastKnownFileType = sourcecode.swift; path = NotesDatabase.swift; sourceTree = "<group>"; };
		B035CC012B1F968700352E24 /* UINotification+Extension.swift */ = {isa = PBXFileReference; lastKnownFileType = sourcecode.swift; path = "UINotification+Extension.swift"; sourceTree = "<group>"; };
		C7FC73C92B1E9124008CCC50 /* MockFactory.swift */ = {isa = PBXFileReference; lastKnownFileType = sourcecode.swift; path = MockFactory.swift; sourceTree = "<group>"; };
/* End PBXFileReference section */

/* Begin PBXFrameworksBuildPhase section */
		9A2D14DA2AB5EDAB00E7DE95 /* Frameworks */ = {
			isa = PBXFrameworksBuildPhase;
			buildActionMask = 2147483647;
			files = (
				5FCA9693F26075B21A341A19 /* Pods_MentalDiary.framework in Frameworks */,
			);
			runOnlyForDeploymentPostprocessing = 0;
		};
/* End PBXFrameworksBuildPhase section */

/* Begin PBXGroup section */
		9A10D7D42AB5F128002D1571 /* App */ = {
			isa = PBXGroup;
			children = (
				9A2D14E02AB5EDAB00E7DE95 /* AppDelegate.swift */,
				9A2D14E22AB5EDAB00E7DE95 /* SceneDelegate.swift */,
			);
			path = App;
			sourceTree = "<group>";
		};
		9A10D7D52AB5F135002D1571 /* Routing */ = {
			isa = PBXGroup;
			children = (
				9A10D7D72AB5F15D002D1571 /* Router.swift */,
				9A0F6BBA2AB862A000CBB409 /* Assembly.swift */,
			);
			path = Routing;
			sourceTree = "<group>";
		};
		9A10D7D92AB5F1EB002D1571 /* Scenes */ = {
			isa = PBXGroup;
			children = (
				9A10D7DA2AB5F22E002D1571 /* HomeModule */,
				9A6A8CBD2AFAC95900A2361E /* RateModule */,
				9A6A8CC72AFAC9B700A2361E /* ShareModule */,
				9A6A8CD12AFACA4B00A2361E /* ProfileModule */,
				9A46AEF62AC4320C00977980 /* MediaModule */,
				9AE27DEF2AFFFB63002BE0AC /* StatisticsModule */,
			);
			path = Scenes;
			sourceTree = "<group>";
		};
		9A10D7DA2AB5F22E002D1571 /* HomeModule */ = {
			isa = PBXGroup;
			children = (
				9A10D7DD2AB5F251002D1571 /* Model */,
				9A10D7DB2AB5F23B002D1571 /* View */,
				9A10D7DC2AB5F240002D1571 /* Presenter */,
			);
			path = HomeModule;
			sourceTree = "<group>";
		};
		9A10D7DB2AB5F23B002D1571 /* View */ = {
			isa = PBXGroup;
			children = (
				9A2D14E42AB5EDAB00E7DE95 /* HomeViewController.swift */,
				9A2D14E62AB5EDAB00E7DE95 /* Home.storyboard */,
				9A225B7B2B001EA7007FF057 /* ArticleCell */,
			);
			path = View;
			sourceTree = "<group>";
		};
		9A10D7DC2AB5F240002D1571 /* Presenter */ = {
			isa = PBXGroup;
			children = (
				9A10D7DE2AB5F341002D1571 /* HomePresenter.swift */,
			);
			path = Presenter;
			sourceTree = "<group>";
		};
		9A10D7DD2AB5F251002D1571 /* Model */ = {
			isa = PBXGroup;
			children = (
			);
			path = Model;
			sourceTree = "<group>";
		};
		9A10D7E02AB5F3D0002D1571 /* Extensions */ = {
			isa = PBXGroup;
			children = (
				9A225B772B000825007FF057 /* UITableViewCell+Extension.swift */,
				9A225B792B001C17007FF057 /* Date+Extension.swift */,
				B035CC012B1F968700352E24 /* UINotification+Extension.swift */,
			);
			path = Extensions;
			sourceTree = "<group>";
		};
		9A10D7E32AB5F5C0002D1571 /* Resources */ = {
			isa = PBXGroup;
			children = (
				9AE27DED2AFFE53C002BE0AC /* Emotion.swift */,
				9A2D14E92AB5EDAC00E7DE95 /* Assets.xcassets */,
				9A84F9B72AB77663004105B1 /* Localizable.strings */,
				9A2D14EB2AB5EDAC00E7DE95 /* LaunchScreen.storyboard */,
				C7FC73C92B1E9124008CCC50 /* MockFactory.swift */,
			);
			path = Resources;
			sourceTree = "<group>";
		};
		9A225B742B0004E9007FF057 /* ArticleCell */ = {
			isa = PBXGroup;
			children = (
				9A225B752B000519007FF057 /* ArticleTableViewCell.swift */,
			);
			path = ArticleCell;
			sourceTree = "<group>";
		};
		9A225B7B2B001EA7007FF057 /* ArticleCell */ = {
			isa = PBXGroup;
			children = (
				9A225B7C2B001EBA007FF057 /* ArticleCollectionViewCell.swift */,
			);
			path = ArticleCell;
			sourceTree = "<group>";
		};
		9A2D14D42AB5EDAB00E7DE95 = {
			isa = PBXGroup;
			children = (
				9A84F9BB2AB77891004105B1 /* swiftgen.yml */,
				9A84F9BF2AB77B01004105B1 /* Secrets.xcconfig */,
				9A2D14DF2AB5EDAB00E7DE95 /* MentalDiary */,
				9A2D14DE2AB5EDAB00E7DE95 /* Products */,
				D92890F7119EC6CB599630C4 /* Pods */,
				E6EA0605A09526A1DB43EB54 /* Frameworks */,
			);
			sourceTree = "<group>";
		};
		9A2D14DE2AB5EDAB00E7DE95 /* Products */ = {
			isa = PBXGroup;
			children = (
				9A2D14DD2AB5EDAB00E7DE95 /* MentalDiary.app */,
			);
			name = Products;
			sourceTree = "<group>";
		};
		9A2D14DF2AB5EDAB00E7DE95 /* MentalDiary */ = {
			isa = PBXGroup;
			children = (
				9A10D7D42AB5F128002D1571 /* App */,
				9A10D7D92AB5F1EB002D1571 /* Scenes */,
				B035CBFE2B1F7E5D00352E24 /* Services */,
				9A84F9B22AB7734E004105B1 /* Generated */,
				B035CBF82B1F4CD100352E24 /* Models */,
				9A10D7D52AB5F135002D1571 /* Routing */,
				9A10D7E02AB5F3D0002D1571 /* Extensions */,
				9A10D7E32AB5F5C0002D1571 /* Resources */,
				9A2D14EE2AB5EDAC00E7DE95 /* Info.plist */,
			);
			path = MentalDiary;
			sourceTree = "<group>";
		};
		9A46AEF62AC4320C00977980 /* MediaModule */ = {
			isa = PBXGroup;
			children = (
				9A46AEF82AC4320C00977980 /* Model */,
				9A46AEF92AC4320C00977980 /* View */,
				9A46AEF72AC4320C00977980 /* Presenter */,
			);
			path = MediaModule;
			sourceTree = "<group>";
		};
		9A46AEF72AC4320C00977980 /* Presenter */ = {
			isa = PBXGroup;
			children = (
				9A46AF032AC433D700977980 /* MediaPresenter.swift */,
			);
			path = Presenter;
			sourceTree = "<group>";
		};
		9A46AEF82AC4320C00977980 /* Model */ = {
			isa = PBXGroup;
			children = (
			);
			path = Model;
			sourceTree = "<group>";
		};
		9A46AEF92AC4320C00977980 /* View */ = {
			isa = PBXGroup;
			children = (
				9A46AEFE2AC4320C00977980 /* MediaViewController.swift */,
				9A46AEFA2AC4320C00977980 /* Media.storyboard */,
				9A46AEFB2AC4320C00977980 /* MediaCell */,
				9A225B742B0004E9007FF057 /* ArticleCell */,
			);
			path = View;
			sourceTree = "<group>";
		};
		9A46AEFB2AC4320C00977980 /* MediaCell */ = {
			isa = PBXGroup;
			children = (
				9A46AEFD2AC4320C00977980 /* MediaTableViewCell.swift */,
			);
			path = MediaCell;
			sourceTree = "<group>";
		};
		9A6A8CBD2AFAC95900A2361E /* RateModule */ = {
			isa = PBXGroup;
			children = (
				9A6A8CC02AFAC95900A2361E /* Model */,
				9A6A8CC12AFAC95900A2361E /* View */,
				9A6A8CBE2AFAC95900A2361E /* Presenter */,
			);
			path = RateModule;
			sourceTree = "<group>";
		};
		9A6A8CBE2AFAC95900A2361E /* Presenter */ = {
			isa = PBXGroup;
			children = (
				9A6A8CBF2AFAC95900A2361E /* RatePresenter.swift */,
			);
			path = Presenter;
			sourceTree = "<group>";
		};
		9A6A8CC02AFAC95900A2361E /* Model */ = {
			isa = PBXGroup;
			children = (
			);
			path = Model;
			sourceTree = "<group>";
		};
		9A6A8CC12AFAC95900A2361E /* View */ = {
			isa = PBXGroup;
			children = (
				9A6A8CC22AFAC95900A2361E /* RateViewController.swift */,
				9A6A8CC32AFAC95900A2361E /* Rate.storyboard */,
			);
			path = View;
			sourceTree = "<group>";
		};
		9A6A8CC72AFAC9B700A2361E /* ShareModule */ = {
			isa = PBXGroup;
			children = (
				9A6A8CCA2AFAC9B700A2361E /* Model */,
				9A6A8CCB2AFAC9B700A2361E /* View */,
				9A6A8CC82AFAC9B700A2361E /* Presenter */,
			);
			path = ShareModule;
			sourceTree = "<group>";
		};
		9A6A8CC82AFAC9B700A2361E /* Presenter */ = {
			isa = PBXGroup;
			children = (
				9A6A8CC92AFAC9B700A2361E /* SharePresenter.swift */,
			);
			path = Presenter;
			sourceTree = "<group>";
		};
		9A6A8CCA2AFAC9B700A2361E /* Model */ = {
			isa = PBXGroup;
			children = (
			);
			path = Model;
			sourceTree = "<group>";
		};
		9A6A8CCB2AFAC9B700A2361E /* View */ = {
			isa = PBXGroup;
			children = (
				9A6A8CCD2AFAC9B700A2361E /* ShareViewController.swift */,
				9A6A8CCC2AFAC9B700A2361E /* Share.storyboard */,
			);
			path = View;
			sourceTree = "<group>";
		};
		9A6A8CD12AFACA4B00A2361E /* ProfileModule */ = {
			isa = PBXGroup;
			children = (
				9A6A8CD42AFACA4B00A2361E /* Model */,
				9A6A8CD52AFACA4B00A2361E /* View */,
				9A6A8CD22AFACA4B00A2361E /* Presenter */,
			);
			path = ProfileModule;
			sourceTree = "<group>";
		};
		9A6A8CD22AFACA4B00A2361E /* Presenter */ = {
			isa = PBXGroup;
			children = (
				9A6A8CD32AFACA4B00A2361E /* ProfilePresenter.swift */,
			);
			path = Presenter;
			sourceTree = "<group>";
		};
		9A6A8CD42AFACA4B00A2361E /* Model */ = {
			isa = PBXGroup;
			children = (
			);
			path = Model;
			sourceTree = "<group>";
		};
		9A6A8CD52AFACA4B00A2361E /* View */ = {
			isa = PBXGroup;
			children = (
				9A6A8CDB2AFACA4B00A2361E /* ProfileViewController.swift */,
				9A6A8CD62AFACA4B00A2361E /* Profile.storyboard */,
				9A6A8CD82AFACA4B00A2361E /* Cell */,
			);
			path = View;
			sourceTree = "<group>";
		};
		9A6A8CD82AFACA4B00A2361E /* Cell */ = {
			isa = PBXGroup;
			children = (
				9A6A8CDA2AFACA4B00A2361E /* SettingsTableViewCell.swift */,
				9A6A8CD92AFACA4B00A2361E /* SettingsTableViewCell.xib */,
			);
			path = Cell;
			sourceTree = "<group>";
		};
		9A84F9B22AB7734E004105B1 /* Generated */ = {
			isa = PBXGroup;
			children = (
				9A46AF072AC4470E00977980 /* Storyboard+Generated.swift */,
				9A84F9C12AB77B78004105B1 /* Images+Colors+Generated.swift */,
				9A84F9B92AB777EE004105B1 /* Strings+Generated.swift */,
			);
			path = Generated;
			sourceTree = "<group>";
		};
		9AE27DEF2AFFFB63002BE0AC /* StatisticsModule */ = {
			isa = PBXGroup;
			children = (
				9AE27DF22AFFFB77002BE0AC /* Model */,
				9AE27DF12AFFFB72002BE0AC /* View */,
				9AE27DF02AFFFB6B002BE0AC /* Presenter */,
			);
			path = StatisticsModule;
			sourceTree = "<group>";
		};
		9AE27DF02AFFFB6B002BE0AC /* Presenter */ = {
			isa = PBXGroup;
			children = (
				9AE27DF32AFFFBA6002BE0AC /* StatisticsPresenter.swift */,
			);
			path = Presenter;
			sourceTree = "<group>";
		};
		9AE27DF12AFFFB72002BE0AC /* View */ = {
			isa = PBXGroup;
			children = (
				B035CBFB2B1F791500352E24 /* Cell */,
				9AE27DF52AFFFBD1002BE0AC /* StatisticsViewController.swift */,
				9AE27DF72AFFFBD9002BE0AC /* Statistics.storyboard */,
			);
			path = View;
			sourceTree = "<group>";
		};
		9AE27DF22AFFFB77002BE0AC /* Model */ = {
			isa = PBXGroup;
			children = (
			);
			path = Model;
			sourceTree = "<group>";
		};
		B035CBF82B1F4CD100352E24 /* Models */ = {
			isa = PBXGroup;
			children = (
				B035CBF92B1F4D0400352E24 /* DiaryNote.swift */,
			);
			path = Models;
			sourceTree = "<group>";
		};
		B035CBFB2B1F791500352E24 /* Cell */ = {
			isa = PBXGroup;
			children = (
				B035CBFC2B1F792C00352E24 /* NoteTableViewCell.swift */,
			);
			path = Cell;
			sourceTree = "<group>";
		};
		B035CBFE2B1F7E5D00352E24 /* Services */ = {
			isa = PBXGroup;
			children = (
				B035CBFF2B1F7E7800352E24 /* NotesDatabase.swift */,
			);
			path = Services;
			sourceTree = "<group>";
		};
		D92890F7119EC6CB599630C4 /* Pods */ = {
			isa = PBXGroup;
			children = (
				493657A97A2484399457C229 /* Pods-MentalDiary.debug.xcconfig */,
				50B3B4C586590CC2782771A1 /* Pods-MentalDiary.release.xcconfig */,
			);
			path = Pods;
			sourceTree = "<group>";
		};
		E6EA0605A09526A1DB43EB54 /* Frameworks */ = {
			isa = PBXGroup;
			children = (
				81FE718B919906A4601F1BDC /* Pods_MentalDiary.framework */,
			);
			name = Frameworks;
			sourceTree = "<group>";
		};
/* End PBXGroup section */

/* Begin PBXNativeTarget section */
		9A2D14DC2AB5EDAB00E7DE95 /* MentalDiary */ = {
			isa = PBXNativeTarget;
			buildConfigurationList = 9A2D14F12AB5EDAC00E7DE95 /* Build configuration list for PBXNativeTarget "MentalDiary" */;
			buildPhases = (
				5FDC27EF6888DB000BBCFB04 /* [CP] Check Pods Manifest.lock */,
				C7A043602AFC5AE00052EFB8 /* SwiftGen */,
				9A2D14D92AB5EDAB00E7DE95 /* Sources */,
				9A2D14DA2AB5EDAB00E7DE95 /* Frameworks */,
				9A2D14DB2AB5EDAB00E7DE95 /* Resources */,
			);
			buildRules = (
			);
			dependencies = (
			);
			name = MentalDiary;
			productName = MentalDiary;
			productReference = 9A2D14DD2AB5EDAB00E7DE95 /* MentalDiary.app */;
			productType = "com.apple.product-type.application";
		};
/* End PBXNativeTarget section */

/* Begin PBXProject section */
		9A2D14D52AB5EDAB00E7DE95 /* Project object */ = {
			isa = PBXProject;
			attributes = {
				BuildIndependentTargetsInParallel = 1;
				LastSwiftUpdateCheck = 1430;
				LastUpgradeCheck = 1500;
				TargetAttributes = {
					9A2D14DC2AB5EDAB00E7DE95 = {
						CreatedOnToolsVersion = 14.3.1;
					};
				};
			};
			buildConfigurationList = 9A2D14D82AB5EDAB00E7DE95 /* Build configuration list for PBXProject "MentalDiary" */;
			compatibilityVersion = "Xcode 14.0";
			developmentRegion = en;
			hasScannedForEncodings = 0;
			knownRegions = (
				en,
				Base,
			);
			mainGroup = 9A2D14D42AB5EDAB00E7DE95;
			productRefGroup = 9A2D14DE2AB5EDAB00E7DE95 /* Products */;
			projectDirPath = "";
			projectRoot = "";
			targets = (
				9A2D14DC2AB5EDAB00E7DE95 /* MentalDiary */,
			);
		};
/* End PBXProject section */

/* Begin PBXResourcesBuildPhase section */
		9A2D14DB2AB5EDAB00E7DE95 /* Resources */ = {
			isa = PBXResourcesBuildPhase;
			buildActionMask = 2147483647;
			files = (
				9A84F9B82AB77663004105B1 /* Localizable.strings in Resources */,
				9A6A8CDD2AFACA4B00A2361E /* Profile.storyboard in Resources */,
				9AE27DF82AFFFBD9002BE0AC /* Statistics.storyboard in Resources */,
				9A6A8CC62AFAC95900A2361E /* Rate.storyboard in Resources */,
				9A84F9BC2AB77891004105B1 /* swiftgen.yml in Resources */,
				9A2D14ED2AB5EDAC00E7DE95 /* LaunchScreen.storyboard in Resources */,
				9A6A8CDE2AFACA4B00A2361E /* SettingsTableViewCell.xib in Resources */,
				9A6A8CCF2AFAC9B700A2361E /* Share.storyboard in Resources */,
				9A46AEFF2AC4320C00977980 /* Media.storyboard in Resources */,
				9A2D14EA2AB5EDAC00E7DE95 /* Assets.xcassets in Resources */,
				9A2D14E82AB5EDAB00E7DE95 /* Home.storyboard in Resources */,
			);
			runOnlyForDeploymentPostprocessing = 0;
		};
/* End PBXResourcesBuildPhase section */

/* Begin PBXShellScriptBuildPhase section */
		5FDC27EF6888DB000BBCFB04 /* [CP] Check Pods Manifest.lock */ = {
			isa = PBXShellScriptBuildPhase;
			buildActionMask = 2147483647;
			files = (
			);
			inputFileListPaths = (
			);
			inputPaths = (
				"${PODS_PODFILE_DIR_PATH}/Podfile.lock",
				"${PODS_ROOT}/Manifest.lock",
			);
			name = "[CP] Check Pods Manifest.lock";
			outputFileListPaths = (
			);
			outputPaths = (
				"$(DERIVED_FILE_DIR)/Pods-MentalDiary-checkManifestLockResult.txt",
			);
			runOnlyForDeploymentPostprocessing = 0;
			shellPath = /bin/sh;
			shellScript = "diff \"${PODS_PODFILE_DIR_PATH}/Podfile.lock\" \"${PODS_ROOT}/Manifest.lock\" > /dev/null\nif [ $? != 0 ] ; then\n    # print error to STDERR\n    echo \"error: The sandbox is not in sync with the Podfile.lock. Run 'pod install' or update your CocoaPods installation.\" >&2\n    exit 1\nfi\n# This output is used by Xcode 'outputs' to avoid re-running this script phase.\necho \"SUCCESS\" > \"${SCRIPT_OUTPUT_FILE_0}\"\n";
			showEnvVarsInLog = 0;
		};
		C7A043602AFC5AE00052EFB8 /* SwiftGen */ = {
			isa = PBXShellScriptBuildPhase;
			alwaysOutOfDate = 1;
			buildActionMask = 2147483647;
			files = (
			);
			inputFileListPaths = (
			);
			inputPaths = (
			);
			name = SwiftGen;
			outputFileListPaths = (
			);
			outputPaths = (
			);
			runOnlyForDeploymentPostprocessing = 0;
			shellPath = /bin/sh;
			shellScript = "if [[ -f \"${PODS_ROOT}/SwiftGen/bin/swiftgen\" ]]; then\n  \"${PODS_ROOT}/SwiftGen/bin/swiftgen\"\nelse\n  echo \"warning: SwiftGen is not installed. Run 'pod install --repo-update' to install it.\"\nfi \n";
		};
/* End PBXShellScriptBuildPhase section */

/* Begin PBXSourcesBuildPhase section */
		9A2D14D92AB5EDAB00E7DE95 /* Sources */ = {
			isa = PBXSourcesBuildPhase;
			buildActionMask = 2147483647;
			files = (
				9A225B7A2B001C17007FF057 /* Date+Extension.swift in Sources */,
				9A84F9C22AB77B78004105B1 /* Images+Colors+Generated.swift in Sources */,
				9A10D7D82AB5F15D002D1571 /* Router.swift in Sources */,
				B035CBFD2B1F792C00352E24 /* NoteTableViewCell.swift in Sources */,
				9A6A8CE02AFACA4B00A2361E /* ProfileViewController.swift in Sources */,
				9A2D14E52AB5EDAB00E7DE95 /* HomeViewController.swift in Sources */,
				B035CC002B1F7E7800352E24 /* NotesDatabase.swift in Sources */,
				9A6A8CC52AFAC95900A2361E /* RateViewController.swift in Sources */,
				9AE27DF62AFFFBD1002BE0AC /* StatisticsViewController.swift in Sources */,
				9A2D14E12AB5EDAB00E7DE95 /* AppDelegate.swift in Sources */,
				9A6A8CDF2AFACA4B00A2361E /* SettingsTableViewCell.swift in Sources */,
				9A46AF012AC4320C00977980 /* MediaTableViewCell.swift in Sources */,
				9A225B762B000519007FF057 /* ArticleTableViewCell.swift in Sources */,
				9A0F6BBB2AB862A000CBB409 /* Assembly.swift in Sources */,
				9A10D7DF2AB5F341002D1571 /* HomePresenter.swift in Sources */,
				9A225B7D2B001EBA007FF057 /* ArticleCollectionViewCell.swift in Sources */,
				9A84F9BA2AB777EE004105B1 /* Strings+Generated.swift in Sources */,
				9AE27DF42AFFFBA6002BE0AC /* StatisticsPresenter.swift in Sources */,
				B035CBFA2B1F4D0400352E24 /* DiaryNote.swift in Sources */,
				9A6A8CCE2AFAC9B700A2361E /* SharePresenter.swift in Sources */,
				B035CC022B1F968700352E24 /* UINotification+Extension.swift in Sources */,
				9A46AF022AC4320C00977980 /* MediaViewController.swift in Sources */,
				9A46AF082AC4470E00977980 /* Storyboard+Generated.swift in Sources */,
				9A2D14E32AB5EDAB00E7DE95 /* SceneDelegate.swift in Sources */,
				C7FC73CA2B1E9124008CCC50 /* MockFactory.swift in Sources */,
				9A6A8CDC2AFACA4B00A2361E /* ProfilePresenter.swift in Sources */,
				9A225B782B000825007FF057 /* UITableViewCell+Extension.swift in Sources */,
				9A6A8CC42AFAC95900A2361E /* RatePresenter.swift in Sources */,
				9A46AF042AC433D700977980 /* MediaPresenter.swift in Sources */,
				9A6A8CD02AFAC9B700A2361E /* ShareViewController.swift in Sources */,
				9AE27DEE2AFFE53C002BE0AC /* Emotion.swift in Sources */,
			);
			runOnlyForDeploymentPostprocessing = 0;
		};
/* End PBXSourcesBuildPhase section */

/* Begin PBXVariantGroup section */
		9A2D14E62AB5EDAB00E7DE95 /* Home.storyboard */ = {
			isa = PBXVariantGroup;
			children = (
				9A2D14E72AB5EDAB00E7DE95 /* Base */,
			);
			name = Home.storyboard;
			sourceTree = "<group>";
		};
		9A2D14EB2AB5EDAC00E7DE95 /* LaunchScreen.storyboard */ = {
			isa = PBXVariantGroup;
			children = (
				9A2D14EC2AB5EDAC00E7DE95 /* Base */,
			);
			name = LaunchScreen.storyboard;
			sourceTree = "<group>";
		};
/* End PBXVariantGroup section */

/* Begin XCBuildConfiguration section */
		9A2D14EF2AB5EDAC00E7DE95 /* Debug */ = {
			isa = XCBuildConfiguration;
			buildSettings = {
				ALWAYS_SEARCH_USER_PATHS = NO;
				CLANG_ANALYZER_NONNULL = YES;
				CLANG_ANALYZER_NUMBER_OBJECT_CONVERSION = YES_AGGRESSIVE;
				CLANG_CXX_LANGUAGE_STANDARD = "gnu++20";
				CLANG_ENABLE_MODULES = YES;
				CLANG_ENABLE_OBJC_ARC = YES;
				CLANG_ENABLE_OBJC_WEAK = YES;
				CLANG_WARN_BLOCK_CAPTURE_AUTORELEASING = YES;
				CLANG_WARN_BOOL_CONVERSION = YES;
				CLANG_WARN_COMMA = YES;
				CLANG_WARN_CONSTANT_CONVERSION = YES;
				CLANG_WARN_DEPRECATED_OBJC_IMPLEMENTATIONS = YES;
				CLANG_WARN_DIRECT_OBJC_ISA_USAGE = YES_ERROR;
				CLANG_WARN_DOCUMENTATION_COMMENTS = YES;
				CLANG_WARN_EMPTY_BODY = YES;
				CLANG_WARN_ENUM_CONVERSION = YES;
				CLANG_WARN_INFINITE_RECURSION = YES;
				CLANG_WARN_INT_CONVERSION = YES;
				CLANG_WARN_NON_LITERAL_NULL_CONVERSION = YES;
				CLANG_WARN_OBJC_IMPLICIT_RETAIN_SELF = YES;
				CLANG_WARN_OBJC_LITERAL_CONVERSION = YES;
				CLANG_WARN_OBJC_ROOT_CLASS = YES_ERROR;
				CLANG_WARN_QUOTED_INCLUDE_IN_FRAMEWORK_HEADER = YES;
				CLANG_WARN_RANGE_LOOP_ANALYSIS = YES;
				CLANG_WARN_STRICT_PROTOTYPES = YES;
				CLANG_WARN_SUSPICIOUS_MOVE = YES;
				CLANG_WARN_UNGUARDED_AVAILABILITY = YES_AGGRESSIVE;
				CLANG_WARN_UNREACHABLE_CODE = YES;
				CLANG_WARN__DUPLICATE_METHOD_MATCH = YES;
				COPY_PHASE_STRIP = NO;
				DEBUG_INFORMATION_FORMAT = dwarf;
				ENABLE_STRICT_OBJC_MSGSEND = YES;
				ENABLE_TESTABILITY = YES;
				ENABLE_USER_SCRIPT_SANDBOXING = YES;
				GCC_C_LANGUAGE_STANDARD = gnu11;
				GCC_DYNAMIC_NO_PIC = NO;
				GCC_NO_COMMON_BLOCKS = YES;
				GCC_OPTIMIZATION_LEVEL = 0;
				GCC_PREPROCESSOR_DEFINITIONS = (
					"DEBUG=1",
					"$(inherited)",
				);
				GCC_WARN_64_TO_32_BIT_CONVERSION = YES;
				GCC_WARN_ABOUT_RETURN_TYPE = YES_ERROR;
				GCC_WARN_UNDECLARED_SELECTOR = YES;
				GCC_WARN_UNINITIALIZED_AUTOS = YES_AGGRESSIVE;
				GCC_WARN_UNUSED_FUNCTION = YES;
				GCC_WARN_UNUSED_VARIABLE = YES;
				IPHONEOS_DEPLOYMENT_TARGET = 13.0;
				MTL_ENABLE_DEBUG_INFO = INCLUDE_SOURCE;
				MTL_FAST_MATH = YES;
				ONLY_ACTIVE_ARCH = YES;
				SDKROOT = iphoneos;
				SWIFT_ACTIVE_COMPILATION_CONDITIONS = DEBUG;
				SWIFT_OPTIMIZATION_LEVEL = "-Onone";
			};
			name = Debug;
		};
		9A2D14F02AB5EDAC00E7DE95 /* Release */ = {
			isa = XCBuildConfiguration;
			buildSettings = {
				ALWAYS_SEARCH_USER_PATHS = NO;
				CLANG_ANALYZER_NONNULL = YES;
				CLANG_ANALYZER_NUMBER_OBJECT_CONVERSION = YES_AGGRESSIVE;
				CLANG_CXX_LANGUAGE_STANDARD = "gnu++20";
				CLANG_ENABLE_MODULES = YES;
				CLANG_ENABLE_OBJC_ARC = YES;
				CLANG_ENABLE_OBJC_WEAK = YES;
				CLANG_WARN_BLOCK_CAPTURE_AUTORELEASING = YES;
				CLANG_WARN_BOOL_CONVERSION = YES;
				CLANG_WARN_COMMA = YES;
				CLANG_WARN_CONSTANT_CONVERSION = YES;
				CLANG_WARN_DEPRECATED_OBJC_IMPLEMENTATIONS = YES;
				CLANG_WARN_DIRECT_OBJC_ISA_USAGE = YES_ERROR;
				CLANG_WARN_DOCUMENTATION_COMMENTS = YES;
				CLANG_WARN_EMPTY_BODY = YES;
				CLANG_WARN_ENUM_CONVERSION = YES;
				CLANG_WARN_INFINITE_RECURSION = YES;
				CLANG_WARN_INT_CONVERSION = YES;
				CLANG_WARN_NON_LITERAL_NULL_CONVERSION = YES;
				CLANG_WARN_OBJC_IMPLICIT_RETAIN_SELF = YES;
				CLANG_WARN_OBJC_LITERAL_CONVERSION = YES;
				CLANG_WARN_OBJC_ROOT_CLASS = YES_ERROR;
				CLANG_WARN_QUOTED_INCLUDE_IN_FRAMEWORK_HEADER = YES;
				CLANG_WARN_RANGE_LOOP_ANALYSIS = YES;
				CLANG_WARN_STRICT_PROTOTYPES = YES;
				CLANG_WARN_SUSPICIOUS_MOVE = YES;
				CLANG_WARN_UNGUARDED_AVAILABILITY = YES_AGGRESSIVE;
				CLANG_WARN_UNREACHABLE_CODE = YES;
				CLANG_WARN__DUPLICATE_METHOD_MATCH = YES;
				COPY_PHASE_STRIP = NO;
				DEBUG_INFORMATION_FORMAT = "dwarf-with-dsym";
				ENABLE_NS_ASSERTIONS = NO;
				ENABLE_STRICT_OBJC_MSGSEND = YES;
				ENABLE_USER_SCRIPT_SANDBOXING = YES;
				GCC_C_LANGUAGE_STANDARD = gnu11;
				GCC_NO_COMMON_BLOCKS = YES;
				GCC_WARN_64_TO_32_BIT_CONVERSION = YES;
				GCC_WARN_ABOUT_RETURN_TYPE = YES_ERROR;
				GCC_WARN_UNDECLARED_SELECTOR = YES;
				GCC_WARN_UNINITIALIZED_AUTOS = YES_AGGRESSIVE;
				GCC_WARN_UNUSED_FUNCTION = YES;
				GCC_WARN_UNUSED_VARIABLE = YES;
				IPHONEOS_DEPLOYMENT_TARGET = 13.0;
				MTL_ENABLE_DEBUG_INFO = NO;
				MTL_FAST_MATH = YES;
				SDKROOT = iphoneos;
				SWIFT_COMPILATION_MODE = wholemodule;
				SWIFT_OPTIMIZATION_LEVEL = "-O";
				VALIDATE_PRODUCT = YES;
			};
			name = Release;
		};
		9A2D14F22AB5EDAC00E7DE95 /* Debug */ = {
			isa = XCBuildConfiguration;
			baseConfigurationReference = 493657A97A2484399457C229 /* Pods-MentalDiary.debug.xcconfig */;
			buildSettings = {
				ASSETCATALOG_COMPILER_APPICON_NAME = AppIcon;
				ASSETCATALOG_COMPILER_GLOBAL_ACCENT_COLOR_NAME = AccentColor;
				CODE_SIGN_STYLE = Automatic;
				CURRENT_PROJECT_VERSION = 1;
				DEVELOPMENT_TEAM = 9A2Y9UTZLK;
				ENABLE_USER_SCRIPT_SANDBOXING = NO;
				GENERATE_INFOPLIST_FILE = YES;
				INFOPLIST_FILE = MentalDiary/Info.plist;
				INFOPLIST_KEY_UIApplicationSupportsIndirectInputEvents = YES;
				INFOPLIST_KEY_UILaunchStoryboardName = LaunchScreen;
				INFOPLIST_KEY_UISupportedInterfaceOrientations_iPad = "UIInterfaceOrientationPortrait UIInterfaceOrientationPortraitUpsideDown UIInterfaceOrientationLandscapeLeft UIInterfaceOrientationLandscapeRight";
				INFOPLIST_KEY_UISupportedInterfaceOrientations_iPhone = "UIInterfaceOrientationPortrait UIInterfaceOrientationLandscapeLeft UIInterfaceOrientationLandscapeRight";
				IPHONEOS_DEPLOYMENT_TARGET = 17.0;
				LD_RUNPATH_SEARCH_PATHS = (
					"$(inherited)",
					"@executable_path/Frameworks",
				);
				MARKETING_VERSION = 1.0;
				PRODUCT_BUNDLE_IDENTIFIER = com.niestierov.MentalDiary;
				PRODUCT_NAME = "$(TARGET_NAME)";
				SWIFT_EMIT_LOC_STRINGS = YES;
				SWIFT_VERSION = 5.0;
				TARGETED_DEVICE_FAMILY = "1,2";
			};
			name = Debug;
		};
		9A2D14F32AB5EDAC00E7DE95 /* Release */ = {
			isa = XCBuildConfiguration;
			baseConfigurationReference = 50B3B4C586590CC2782771A1 /* Pods-MentalDiary.release.xcconfig */;
			buildSettings = {
				ASSETCATALOG_COMPILER_APPICON_NAME = AppIcon;
				ASSETCATALOG_COMPILER_GLOBAL_ACCENT_COLOR_NAME = AccentColor;
				CODE_SIGN_STYLE = Automatic;
				CURRENT_PROJECT_VERSION = 1;
				DEVELOPMENT_TEAM = 9A2Y9UTZLK;
				ENABLE_USER_SCRIPT_SANDBOXING = NO;
				GENERATE_INFOPLIST_FILE = YES;
				INFOPLIST_FILE = MentalDiary/Info.plist;
				INFOPLIST_KEY_UIApplicationSupportsIndirectInputEvents = YES;
				INFOPLIST_KEY_UILaunchStoryboardName = LaunchScreen;
				INFOPLIST_KEY_UISupportedInterfaceOrientations_iPad = "UIInterfaceOrientationPortrait UIInterfaceOrientationPortraitUpsideDown UIInterfaceOrientationLandscapeLeft UIInterfaceOrientationLandscapeRight";
				INFOPLIST_KEY_UISupportedInterfaceOrientations_iPhone = "UIInterfaceOrientationPortrait UIInterfaceOrientationLandscapeLeft UIInterfaceOrientationLandscapeRight";
				IPHONEOS_DEPLOYMENT_TARGET = 17.0;
				LD_RUNPATH_SEARCH_PATHS = (
					"$(inherited)",
					"@executable_path/Frameworks",
				);
				MARKETING_VERSION = 1.0;
				PRODUCT_BUNDLE_IDENTIFIER = com.niestierov.MentalDiary;
				PRODUCT_NAME = "$(TARGET_NAME)";
				SWIFT_EMIT_LOC_STRINGS = YES;
				SWIFT_VERSION = 5.0;
				TARGETED_DEVICE_FAMILY = "1,2";
			};
			name = Release;
		};
/* End XCBuildConfiguration section */

/* Begin XCConfigurationList section */
		9A2D14D82AB5EDAB00E7DE95 /* Build configuration list for PBXProject "MentalDiary" */ = {
			isa = XCConfigurationList;
			buildConfigurations = (
				9A2D14EF2AB5EDAC00E7DE95 /* Debug */,
				9A2D14F02AB5EDAC00E7DE95 /* Release */,
			);
			defaultConfigurationIsVisible = 0;
			defaultConfigurationName = Release;
		};
		9A2D14F12AB5EDAC00E7DE95 /* Build configuration list for PBXNativeTarget "MentalDiary" */ = {
			isa = XCConfigurationList;
			buildConfigurations = (
				9A2D14F22AB5EDAC00E7DE95 /* Debug */,
				9A2D14F32AB5EDAC00E7DE95 /* Release */,
			);
			defaultConfigurationIsVisible = 0;
			defaultConfigurationName = Release;
		};
/* End XCConfigurationList section */
	};
	rootObject = 9A2D14D52AB5EDAB00E7DE95 /* Project object */;
}
